{
  "requires": true,
  "lockfileVersion": 1,
  "dependencies": {
    "@types/google-apps-script": {
      "version": "1.0.21",
      "resolved": "https://registry.npmjs.org/@types/google-apps-script/-/google-apps-script-1.0.21.tgz",
      "integrity": "sha512-voTSdmYQjDweXWj+g2Sz8WBPSgAL7gKKEEbws5dl/c1Jhu7YoBVLnYr1ctg6GAbZy9+x+RQMzjb2ofk51s3adQ=="
    }
  }
}
